
Microsoft Visual Studio Solution File, Format Version 12.00
# Visual Studio 15
VisualStudioVersion = 15.0.28010.2026
MinimumVisualStudioVersion = 10.0.40219.1
Project("{9A19103F-16F7-4668-BE54-9A1E7A4F7556}") = "TermAPI", "TermAPI.csproj", "{B04DC388-C724-4D12-9A9F-60375A86531F}"
EndProject
Global
	GlobalSection(SolutionConfigurationPlatforms) = preSolution
		Debug|Any CPU = Debug|Any CPU
		Release|Any CPU = Release|Any CPU
	EndGlobalSection
	GlobalSection(ProjectConfigurationPlatforms) = postSolution
		{B04DC388-C724-4D12-9A9F-60375A86531F}.Debug|Any CPU.ActiveCfg = Debug|Any CPU
		{B04DC388-C724-4D12-9A9F-60375A86531F}.Debug|Any CPU.Build.0 = Debug|Any CPU
		{B04DC388-C724-4D12-9A9F-60375A86531F}.Release|Any CPU.ActiveCfg = Release|Any CPU
		{B04DC388-C724-4D12-9A9F-60375A86531F}.Release|Any CPU.Build.0 = Release|Any CPU
	EndGlobalSection
	GlobalSection(SolutionProperties) = preSolution
		HideSolutionNode = FALSE
	EndGlobalSection
	GlobalSection(ExtensibilityGlobals) = postSolution
		SolutionGuid = {18AE02B2-4F96-4877-AB2D-1598FF657A3C}
	EndGlobalSection
EndGlobal
